# kiln.lock — auto-generated, commit this file
bash.sha256 0d5cd86965f869a26cf64f4b71be7b96f90a3ba8b3d74e27e8e9d9d5550f31ba
bash.url https://ftp.gnu.org/gnu/bash/bash-5.3.tar.gz
binutils.sha256 ce2017e059d63e67ddb9240e9d4ec49c2893605035cd60e92ad53177f4377237
binutils.url https://ftp.gnu.org/gnu/binutils/binutils-2.44.tar.xz
bison.sha256 9bba0214ccf7f1079c5d59210045227bcf619519840ebfa80cd3849cff5a5bf2
bison.url https://ftp.gnu.org/gnu/bison/bison-3.8.2.tar.xz
bzip2.sha256 ab5a03176ee106d3f0fa90e381da478ddae405918153cca248e682cd0c4a2269
bzip2.url https://sourceware.org/pub/bzip2/bzip2-1.0.8.tar.gz
cmake.sha256 653427f0f5014750aafff22727fb2aa60c6c732ca91808cfb78ce22ddd9e55f0
cmake.url https://cmake.org/files/v3.31/cmake-3.31.6.tar.gz
coreutils.sha256 16535a9adf0b10037364e2d612aad3d9f4eca3a344949ced74d12faf4bd51d25
coreutils.url https://ftp.gnu.org/gnu/coreutils/coreutils-9.10.tar.xz
findutils.sha256 1387e0b67ff247d2abde998f90dfbf70c1491391a59ddfecb8ae698789f0a4f5
findutils.url https://ftp.gnu.org/gnu/findutils/findutils-4.10.0.tar.xz
flex.sha256 e87aae032bf07c26f85ac0ed3250998c37621d95f8bd748b31f15b33c45ee995
flex.url https://github.com/westes/flex/releases/download/v2.6.4/flex-2.6.4.tar.gz
gawk.sha256 f8c3486509de705192138b00ef2c00bbbdd0e84c30d5c07d23fc73a9dc4cc9cc
gawk.url https://ftp.gnu.org/gnu/gawk/gawk-5.3.2.tar.xz
gcc.sha256 e275e76442a6067341a27f04c5c6b83d8613144004c0413528863dc6b5c743da
gcc.url https://ftp.gnu.org/gnu/gcc/gcc-13.2.0/gcc-13.2.0.tar.xz
glibc.sha256 fb82998998b2b29965467bc1b69d152e9c307d2cf301c9eafb4555b770ef3fd2
glibc.url https://ftp.gnu.org/gnu/glibc/glibc-2.38.tar.xz
gmp.sha256 a3c2b80201b89e68616f4ad30bc66aee4927c3ce50e33929ca819d5c43538898
gmp.url https://gmplib.org/download/gmp/gmp-6.3.0.tar.xz
grep.sha256 1db2aedde89d0dea42b16d9528f894c8d15dae4e190b59aecc78f5a951276eab
grep.url https://ftp.gnu.org/gnu/grep/grep-3.11.tar.xz
gzip.sha256 7454eb6935db17c6655576c2e1b0fabefd38b4d0936e0f87f48cd062ce91a057
gzip.url https://ftp.gnu.org/gnu/gzip/gzip-1.13.tar.xz
libxcrypt.sha256 e5e1f4caee0a01de2aee26e3138807d6d3ca2b8e67287966d1fefd65e1fd8943
libxcrypt.url https://github.com/besser82/libxcrypt/releases/download/v4.4.36/libxcrypt-4.4.36.tar.xz
linux-headers.sha256 b1a2562be56e42afb3f8489d4c2a7ac472ac23098f1ef1c1e40da601f54625eb
linux-headers.url https://cdn.kernel.org/pub/linux/kernel/v6.x/linux-6.12.tar.xz
m4.sha256 e236ea3a1ccf5f6c270b1c4bb60726f371fa49459a8eaaebc90b216b328daf2b
m4.url https://ftp.gnu.org/gnu/m4/m4-1.4.20.tar.xz
make.sha256 dd16fb1d67bfab79a72f5e8390735c49e3e8e70b4945a15ab1f81ddb78658fb3
make.url https://ftp.gnu.org/gnu/make/make-4.4.1.tar.gz
mpc.sha256 ab642492f5cf882b74aa0cb730cd410a81edcdbec895183ce930e706c1c759b8
mpc.url https://ftp.gnu.org/gnu/mpc/mpc-1.3.1.tar.gz
mpfr.sha256 277807353a6726978996945af13e52829e3abd7a9a5b7fb2793894e18f1fcbb2
mpfr.url https://www.mpfr.org/mpfr-4.2.1/mpfr-4.2.1.tar.xz
ncurses.sha256 136d91bc269a9a5785e5f9e980bc76ab57428f604ce3e5a5a90cebc767971cc6
ncurses.url https://ftp.gnu.org/gnu/ncurses/ncurses-6.5.tar.gz
openssl.sha256 002a2d6b30b58bf4bea46c43bdd96365aaf8daa6c428782aa4feee06da197df3
openssl.url https://github.com/openssl/openssl/releases/download/openssl-3.4.1/openssl-3.4.1.tar.gz
patch.sha256 ac610bda97abe0d9f6b7c963255a11dcb196c25e337c61f94e4778d632f1d8fd
patch.url https://ftp.gnu.org/gnu/patch/patch-2.7.6.tar.xz
pcre2.sha256 c08ae2388ef333e8403e670ad70c0a11f1eed021fd88308d7e02f596fcd9dc16
pcre2.url https://github.com/PCRE2Project/pcre2/releases/download/pcre2-10.47/pcre2-10.47.tar.gz
perl.sha256 d5325300ad267624cb0b7d512cfdfcd74fa7fe00c455c5b51a6bd53e5e199ef9
perl.url https://www.cpan.org/src/5.0/perl-5.40.0.tar.xz
python3.sha256 d984bcc57cd67caab26f7def42e523b1c015bbc5dc07836cf4f0b63fa159eb56
python3.url https://www.python.org/ftp/python/3.13.2/Python-3.13.2.tar.xz
readline.sha256 3feb7171f16a84ee82ca18a36d7b9be109a52c04f492a053331d7d1095007c35
readline.url https://ftp.gnu.org/gnu/readline/readline-8.2.tar.gz
sed.sha256 6e226b732e1cd739464ad6862bd1a1aba42d7982922da7a53519631d24975181
sed.url https://ftp.gnu.org/gnu/sed/sed-4.9.tar.xz
tar.sha256 4d62ff37342ec7aed748535323930c7cf94acf71c3591882b26a7ea50f3edc16
tar.url https://ftp.gnu.org/gnu/tar/tar-1.35.tar.xz
xz.sha256 db0590629b6f0fa36e74aea5f9731dc6f8df068ce7b7bafa45301832a5eebc3a
xz.url https://github.com/tukaani-project/xz/releases/download/v5.6.3/xz-5.6.3.tar.xz
zlib.sha256 bb329a0a2cd0274d05519d61c667c062e06990d72e125ee2dfa8de64f0119d16
zlib.url https://zlib.net/zlib-1.3.2.tar.gz
