# kiln.lock — auto-generated, commit this file
bash b8c60bc9ca365f8261fa97900b6fa939f6ebc303
coreutils cc8689a07c8cfece66707936e3b914174912bd36
glibc d2097651cc57834dbfcaa102ddfacae0d86cfb66
gnulib a65f999035e18eb802e5cf8b624ae15620ee67fa
kernel 2784b1b43af3711a6268a616eb8f41f9788c6e3a
libpng ed217e3e601d8e462f7fd1e04bed43ac42212429
linux-headers adc218676eef25575469234709c2d87185ca223a
ncurses 79b9071f2be20a24c7be031655a5638f6032f29f
openssl a7e992847de83aa36be0c399c89db3fb827b0be2
zlib 51b7f2abdade71cd9bb0e7a373ef2610ec6f9daf
